# This file is generated by running "yarn install" inside your project.
# Manual changes might be lost - proceed with caution!

__metadata:
  version: 4
  cacheKey: 4

"prettier@npm:^2.0.5":
  version: 2.0.5
  resolution: "prettier@npm:2.0.5"
  bin:
    prettier: bin-prettier.js
  checksum: d249d89361870a29b20e8b268cb09e908490b8c9e21f70393d12a213701f29ba7e95b7f9ce0ad63929c16ce475176742481911737ae3da4a498873e4a3b90990
  languageName: node
  linkType: hard

"svg-anim@workspace:.":
  version: 0.0.0-use.local
  resolution: "svg-anim@workspace:."
  dependencies:
    prettier: ^2.0.5
    typescript: ^3.9.6
  languageName: unknown
  linkType: soft

typescript@^3.9.6:
  version: 3.9.6
  resolution: "typescript@npm:3.9.6"
  bin:
    tsc: bin/tsc
    tsserver: bin/tsserver
  checksum: 75d8e3610ca435b0feaa3eb714ef3aa9060ec72621da3c62c45ceee1d8d0ddcbd8ff2a816de2d24ab28dcd2249953edb640d34595d59e491656156da4c2903fc
  languageName: node
  linkType: hard

"typescript@patch:typescript@^3.9.6#builtin<compat/typescript>":
  version: 3.9.6
  resolution: "typescript@patch:typescript@npm%3A3.9.6#builtin<compat/typescript>::version=3.9.6&hash=64df9d"
  bin:
    tsc: bin/tsc
    tsserver: bin/tsserver
  checksum: 74cb55c847841e1aeea9c78bdf0156cf6ba311eb353e555ba70cb6df120e9b4c4a7feff2a153f04fda3d6b7124496fd4d444be62f3d2d448e77c667ea5beaa0b
  languageName: node
  linkType: hard
